{
    "name": "zte",
    "version": "1.0.0",
    "lockfileVersion": 3,
    "requires": true,
    "packages": {
        "": {
            "name": "zte",
            "version": "1.0.0",
            "license": "MIT",
            "dependencies": {
                "md5-hex": "^4.0.0"
            }
        },
        "node_modules/blueimp-md5": {
            "version": "2.19.0",
            "resolved": "https://registry.npmjs.org/blueimp-md5/-/blueimp-md5-2.19.0.tgz",
            "integrity": "sha512-DRQrD6gJyy8FbiE4s+bDoXS9hiW3Vbx5uCdwvcCf3zLHL+Iv7LtGHLpr+GZV8rHG8tK766FGYBwRbu8pELTt+w=="
        },
        "node_modules/md5-hex": {
            "version": "4.0.0",
            "resolved": "https://registry.npmjs.org/md5-hex/-/md5-hex-4.0.0.tgz",
            "integrity": "sha512-di38zHPn4Tz8LCb5Lz8SpLb/20Hv23aPXpF4Bq1mR5r9JuCZQ/JpcDUxFfZF9Ur5GiUvqS5NQOkR+fm5cYZ0IQ==",
            "dependencies": {
                "blueimp-md5": "^2.18.0"
            },
            "engines": {
                "node": ">=12"
            },
            "funding": {
                "url": "https://github.com/sponsors/sindresorhus"
            }
        }
    }
}
